
Microsoft Visual Studio Solution File, Format Version 12.00
# Visual Studio 15
VisualStudioVersion = 15.0.28307.1259
MinimumVisualStudioVersion = 10.0.40219.1
Project("{FAE04EC0-301F-11D3-BF4B-00C04F79EFBC}") = "ClientRest_20180140004_Nanda_yudha_pratama", "ClientRest_20180140004_Nanda yudha pratama\ClientRest_20180140004_Nanda_yudha_pratama.csproj", "{34D23C26-88F9-4123-B75E-757A30A35EA5}"
EndProject
Global
	GlobalSection(SolutionConfigurationPlatforms) = preSolution
		Debug|Any CPU = Debug|Any CPU
		Release|Any CPU = Release|Any CPU
	EndGlobalSection
	GlobalSection(ProjectConfigurationPlatforms) = postSolution
		{34D23C26-88F9-4123-B75E-757A30A35EA5}.Debug|Any CPU.ActiveCfg = Debug|Any CPU
		{34D23C26-88F9-4123-B75E-757A30A35EA5}.Debug|Any CPU.Build.0 = Debug|Any CPU
		{34D23C26-88F9-4123-B75E-757A30A35EA5}.Release|Any CPU.ActiveCfg = Release|Any CPU
		{34D23C26-88F9-4123-B75E-757A30A35EA5}.Release|Any CPU.Build.0 = Release|Any CPU
	EndGlobalSection
	GlobalSection(SolutionProperties) = preSolution
		HideSolutionNode = FALSE
	EndGlobalSection
	GlobalSection(ExtensibilityGlobals) = postSolution
		SolutionGuid = {159E3802-0C6A-4DEC-B635-FC67A7C76D21}
	EndGlobalSection
EndGlobal
